{
  "name": "library-plugin-syntax-highlight",
  "version": "1.0.0",
  "lockfileVersion": 1,
  "requires": true,
  "dependencies": {
    "highlight.js": {
      "version": "11.0.0",
      "resolved": "https://registry.npmjs.org/highlight.js/-/highlight.js-11.0.0.tgz",
      "integrity": "sha512-ByaTMfsSuoqerTwemOgpIhfULEIaK52JJYhky/sK7/Yqc0+t7Uh5DHay9vIC94YXSupnQ1Vqfc9VXrYP4eXW3Q=="
    }
  }
}
